{
  "version": 4,
  "terraform_version": "1.15.6",
  "serial": 36,
  "lineage": "a08f3bcf-a210-78f2-5827-d953ffaa6646",
  "outputs": {},
  "resources": [
    {
      "module": "module.Nat_Gateway[\"nat1\"]",
      "mode": "managed",
      "type": "aws_eip",
      "name": "nat_eip",
      "provider": "provider[\"registry.terraform.io/hashicorp/aws\"]",
      "instances": [
        {
          "schema_version": 0,
          "attributes": {
            "address": null,
            "allocation_id": "eipalloc-0263d8f77849fac1d",
            "arn": "arn:aws:ec2:us-east-1:782989862342:elastic-ip/eipalloc-0263d8f77849fac1d",
            "associate_with_private_ip": null,
            "association_id": "eipassoc-0479a8fccf52caa6c",
            "carrier_ip": "",
            "customer_owned_ip": "",
            "customer_owned_ipv4_pool": "",
            "domain": "vpc",
            "id": "eipalloc-0263d8f77849fac1d",
            "instance": "",
            "ipam_pool_id": null,
            "network_border_group": "us-east-1",
            "network_interface": "eni-0f2d09a6cc33cecee",
            "private_dns": "ip-10-0-0-74.ec2.internal",
            "private_ip": "10.0.0.74",
            "ptr_record": "",
            "public_dns": "ec2-54-85-244-47.compute-1.amazonaws.com",
            "public_ip": "54.85.244.47",
            "public_ipv4_pool": "amazon",
            "region": "us-east-1",
            "tags": {},
            "tags_all": {},
            "timeouts": null
          },
          "sensitive_attributes": [],
          "identity_schema_version": 0,
          "private": "eyJlMmJmYjczMC1lY2FhLTExZTYtOGY4OC0zNDM2M2JjN2M0YzAiOnsiZGVsZXRlIjoxODAwMDAwMDAwMDAsInJlYWQiOjkwMDAwMDAwMDAwMCwidXBkYXRlIjozMDAwMDAwMDAwMDB9fQ=="
        }
      ]
    },
    {
      "module": "module.Nat_Gateway[\"nat1\"]",
      "mode": "managed",
      "type": "aws_nat_gateway",
      "name": "nat",
      "provider": "provider[\"registry.terraform.io/hashicorp/aws\"]",
      "instances": [
        {
          "schema_version": 0,
          "attributes": {
            "allocation_id": "eipalloc-0263d8f77849fac1d",
            "association_id": "eipassoc-0479a8fccf52caa6c",
            "connectivity_type": "public",
            "id": "nat-0043a5332ed131861",
            "network_interface_id": "eni-0f2d09a6cc33cecee",
            "private_ip": "10.0.0.74",
            "public_ip": "54.85.244.47",
            "region": "us-east-1",
            "secondary_allocation_ids": [],
            "secondary_private_ip_address_count": 0,
            "secondary_private_ip_addresses": [],
            "subnet_id": "subnet-003826bf64948647d",
            "tags": {
              "Name": "My-NAT"
            },
            "tags_all": {
              "Name": "My-NAT"
            },
            "timeouts": null
          },
          "sensitive_attributes": [],
          "identity_schema_version": 0,
          "private": "eyJlMmJmYjczMC1lY2FhLTExZTYtOGY4OC0zNDM2M2JjN2M0YzAiOnsiY3JlYXRlIjo2MDAwMDAwMDAwMDAsImRlbGV0ZSI6MTgwMDAwMDAwMDAwMCwidXBkYXRlIjo2MDAwMDAwMDAwMDB9fQ==",
          "dependencies": [
            "module.Nat_Gateway.aws_eip.nat_eip",
            "module.subnet_module.aws_subnet.main",
            "module.vpc_module.aws_vpc.main"
          ]
        }
      ]
    },
    {
      "module": "module.eks_cluster",
      "mode": "managed",
      "type": "aws_eks_cluster",
      "name": "main",
      "provider": "provider[\"registry.terraform.io/hashicorp/aws\"]",
      "instances": [
        {
          "schema_version": 1,
          "attributes": {
            "access_config": [
              {
                "authentication_mode": "CONFIG_MAP",
                "bootstrap_cluster_creator_admin_permissions": true
              }
            ],
            "arn": "arn:aws:eks:us-east-1:782989862342:cluster/my-cluster",
            "bootstrap_self_managed_addons": true,
            "certificate_authority": [
              {
                "data": "LS0tLS1CRUdJTiBDRVJUSUZJQ0FURS0tLS0tCk1JSURNVENDQWhtZ0F3SUJBZ0lRUm9QN2VKRnRNbHJRRHNaNjNkOHNIREFOQmdrcWhraUc5dzBCQVFzRkFEQW4KTVJBd0RnWURWUVFLRXdkQlYxTWdSVXRUTVJNd0VRWURWUVFERXdwcmRXSmxjbTVsZEdWek1CNFhEVEkyTURreApNakE0TWpFeU1Gb1hEVE14TURreE1UQTRNakV5TUZvd0p6RVFNQTRHQTFVRUNoTUhRVmRUSUVWTFV6RVRNQkVHCkExVUVBeE1LYTNWaVpYSnVaWFJsY3pDQ0FTSXdEUVlKS29aSWh2Y05BUUVCQlFBRGdnRVBBRENDQVFvQ2dnRUIKQU1kVmRJYWNKWGRBNUVWWnRIVGtMVktycmJsWlFZRFVpZU5mZWJDbWhiNnQrNG9UK1I3NjF0Ri9VZEthUzdnLwpqVzV3TnFGUEcrMTdGazJDQXhmSHBKc1hXcE1yQkJlM0k3aURxWlFrcGg5WlY2VU82Wk1GTTFJVDMrRXBIM1EwCktQNjk2N0YzUWlkaElWWCtSTEMxdzVoTDA1dDMzRHQyVHZsc0krRCtSbjI3Sm5NTk1jb2hjMzB5aHNrcy9vQ3MKYlh5V0F2dS9VV3VMRDF6eGpHT0REcFQ2QUtsREljQ0ZXaFdNT1ZINmhvQVNveUNheDBjUXhsMlVOeVBlM2VycQpHUEovYURUYXJRTnVXLy9URGx2MndYR2x5Q3dsbmhIS1dWY3NEZW1UMG1NbmVvVW1ZS3VyTUNiOFpnTm13S0RLCjUyUDJVREZSZDJzekozSk5GenRINm5zQ0F3RUFBYU5aTUZjd0RnWURWUjBQQVFIL0JBUURBZ0trTUE4R0ExVWQKRXdFQi93UUZNQU1CQWY4d0hRWURWUjBPQkJZRUZDdlp1ajJwcWtlSy9YTlBOaVBsaVFQNkE1ek5NQlVHQTFVZApFUVFPTUF5Q0NtdDFZbVZ5Ym1WMFpYTXdEUVlKS29aSWh2Y05BUUVMQlFBRGdnRUJBS1N5cDBSZXVnZ3l2RmkwClBuSXVJNWozQnZDYUJ0Q0RZdFNLb2U4d2x6QWtjQnk2Vkcxd0ZHSnp4UTdtTVFvZ3VwbjdhTGJQWDcwNWpKb1UKYkNHSjBHY2ZvRmdDWlFSVlkyY2dQeDFCWEd5OEpDQ0FaeDRpZUl3bTBHNjQxekordFg0Z2NaL2xuNFZXenBmQgprNi95czc2M3JiMko3dWJ0Y3lTNWl6bEx5Y2xydkhJVXgvbGxpU2UzelFvTURRYmdWZTd5Ly9wTnRqbkFva3hQCnhYbGJ2L3FWaTlNNjI3R1Ayam1MWkd6TzErVXdYWE9BZEJ3RFdPV3ZuaXJoNkhMd0MwUmp1SHI4amJZam4vL2EKU2loNGNYbXNTRzRWbkRsWDhiaGJQOG9ZL1dsYVh6V2F5Uk05WHdnamoxeWdydjFHMzcvRFlIZHIrbU5rRFZLYwpiVzNTalI4PQotLS0tLUVORCBDRVJUSUZJQ0FURS0tLS0tCg=="
              }
            ],
            "cluster_id": null,
            "compute_config": [
              {
                "enabled": false,
                "node_pools": [],
                "node_role_arn": ""
              }
            ],
            "created_at": "2026-09-12T08:20:05Z",
            "deletion_protection": false,
            "enabled_cluster_log_types": [],
            "encryption_config": [],
            "endpoint": "https://18D769BAE9E160DF697DDED2D879313D.gr7.us-east-1.eks.amazonaws.com",
            "force_update_version": null,
            "id": "my-cluster",
            "identity": [
              {
                "oidc": [
                  {
                    "issuer": "https://oidc.eks.us-east-1.amazonaws.com/id/18D769BAE9E160DF697DDED2D879313D"
                  }
                ]
              }
            ],
            "kubernetes_network_config": [
              {
                "elastic_load_balancing": [
                  {
                    "enabled": false
                  }
                ],
                "ip_family": "ipv4",
                "service_ipv4_cidr": "172.20.0.0/16",
                "service_ipv6_cidr": ""
              }
            ],
            "name": "my-cluster",
            "outpost_config": [],
            "platform_version": "eks.12",
            "region": "us-east-1",
            "remote_network_config": [],
            "role_arn": "arn:aws:iam::782989862342:role/my-cluster-cluster-role",
            "status": "ACTIVE",
            "storage_config": [
              {
                "block_storage": [
                  {
                    "enabled": false
                  }
                ]
              }
            ],
            "tags": {},
            "tags_all": {},
            "timeouts": null,
            "upgrade_policy": [
              {
                "support_type": "EXTENDED"
              }
            ],
            "version": "1.36",
            "vpc_config": [
              {
                "cluster_security_group_id": "sg-02dc5183557115884",
                "endpoint_private_access": true,
                "endpoint_public_access": true,
                "public_access_cidrs": [
                  "0.0.0.0/0"
                ],
                "security_group_ids": [
                  "sg-0e27b780a0613d61e"
                ],
                "subnet_ids": [
                  "subnet-015092be510bc885e",
                  "subnet-04ff3e750153a39fc",
                  "subnet-093ebf14231e03b49"
                ],
                "vpc_id": "vpc-03d494e220ec01d01"
              }
            ],
            "zonal_shift_config": []
          },
          "sensitive_attributes": [],
          "identity_schema_version": 0,
          "private": "eyJlMmJmYjczMC1lY2FhLTExZTYtOGY4OC0zNDM2M2JjN2M0YzAiOnsiY3JlYXRlIjoxODAwMDAwMDAwMDAwLCJkZWxldGUiOjkwMDAwMDAwMDAwMCwidXBkYXRlIjozNjAwMDAwMDAwMDAwfSwic2NoZW1hX3ZlcnNpb24iOiIxIn0=",
          "dependencies": [
            "module.iam.aws_iam_role.eks_cluster_role",
            "module.iam.aws_iam_role.eks_node_role",
            "module.iam.aws_iam_role_policy_attachment.eks_cluster_policy",
            "module.iam.aws_iam_role_policy_attachment.eks_cni_policy",
            "module.iam.aws_iam_role_policy_attachment.eks_container_registry_readonly",
            "module.iam.aws_iam_role_policy_attachment.eks_worker_node_policy",
            "module.security_Group.aws_security_group.Eks_sg",
            "module.subnet_module.aws_subnet.main",
            "module.vpc_module.aws_vpc.main"
          ]
        }
      ]
    },
    {
      "module": "module.eks_cluster",
      "mode": "managed",
      "type": "aws_eks_node_group",
      "name": "main",
      "provider": "provider[\"registry.terraform.io/hashicorp/aws\"]",
      "instances": [
        {
          "schema_version": 0,
          "attributes": {
            "ami_type": "AL2023_x86_64_STANDARD",
            "arn": "arn:aws:eks:us-east-1:782989862342:nodegroup/my-cluster/my-cluster-node-group/90d04a5e-9eb0-44e7-c0f4-a4997933849c",
            "capacity_type": "ON_DEMAND",
            "cluster_name": "my-cluster",
            "disk_size": 20,
            "force_update_version": null,
            "id": "my-cluster:my-cluster-node-group",
            "instance_types": [
              "t3.medium"
            ],
            "labels": {},
            "launch_template": [],
            "node_group_name": "my-cluster-node-group",
            "node_group_name_prefix": "",
            "node_repair_config": [],
            "node_role_arn": "arn:aws:iam::782989862342:role/my-cluster-node-role",
            "region": "us-east-1",
            "release_version": "1.36.3-20260903",
            "remote_access": [],
            "resources": [
              {
                "autoscaling_groups": [
                  {
                    "name": "eks-my-cluster-node-group-90d04a5e-9eb0-44e7-c0f4-a4997933849c"
                  }
                ],
                "remote_access_security_group_id": ""
              }
            ],
            "scaling_config": [
              {
                "desired_size": 2,
                "max_size": 3,
                "min_size": 1
              }
            ],
            "status": "ACTIVE",
            "subnet_ids": [
              "subnet-015092be510bc885e",
              "subnet-04ff3e750153a39fc",
              "subnet-093ebf14231e03b49"
            ],
            "tags": {},
            "tags_all": {},
            "taint": [],
            "timeouts": null,
            "update_config": [
              {
                "max_unavailable": 1,
                "max_unavailable_percentage": 0
              }
            ],
            "version": "1.36"
          },
          "sensitive_attributes": [],
          "identity_schema_version": 0,
          "private": "eyJlMmJmYjczMC1lY2FhLTExZTYtOGY4OC0zNDM2M2JjN2M0YzAiOnsiY3JlYXRlIjozNjAwMDAwMDAwMDAwLCJkZWxldGUiOjM2MDAwMDAwMDAwMDAsInVwZGF0ZSI6MzYwMDAwMDAwMDAwMH19",
          "dependencies": [
            "module.eks_cluster.aws_eks_cluster.main",
            "module.iam.aws_iam_role.eks_cluster_role",
            "module.iam.aws_iam_role.eks_node_role",
            "module.iam.aws_iam_role_policy_attachment.eks_cluster_policy",
            "module.iam.aws_iam_role_policy_attachment.eks_cni_policy",
            "module.iam.aws_iam_role_policy_attachment.eks_container_registry_readonly",
            "module.iam.aws_iam_role_policy_attachment.eks_worker_node_policy",
            "module.security_Group.aws_security_group.Eks_sg",
            "module.subnet_module.aws_subnet.main",
            "module.vpc_module.aws_vpc.main"
          ]
        }
      ]
    },
    {
      "module": "module.iam",
      "mode": "managed",
      "type": "aws_iam_role",
      "name": "eks_cluster_role",
      "provider": "provider[\"registry.terraform.io/hashicorp/aws\"]",
      "instances": [
        {
          "schema_version": 0,
          "attributes": {
            "arn": "arn:aws:iam::782989862342:role/my-cluster-cluster-role",
            "assume_role_policy": "{\"Statement\":[{\"Action\":\"sts:AssumeRole\",\"Effect\":\"Allow\",\"Principal\":{\"Service\":\"eks.amazonaws.com\"}}],\"Version\":\"2012-10-17\"}",
            "create_date": "2026-09-12T08:19:42Z",
            "description": "",
            "force_detach_policies": false,
            "id": "my-cluster-cluster-role",
            "inline_policy": [],
            "managed_policy_arns": [
              "arn:aws:iam::aws:policy/AmazonEKSClusterPolicy"
            ],
            "max_session_duration": 3600,
            "name": "my-cluster-cluster-role",
            "name_prefix": "",
            "path": "/",
            "permissions_boundary": "",
            "tags": {},
            "tags_all": {},
            "unique_id": "AROA3MTOVEXDG6IW4BVJP"
          },
          "sensitive_attributes": [],
          "identity_schema_version": 0,
          "identity": {
            "account_id": "782989862342",
            "name": "my-cluster-cluster-role"
          },
          "private": "bnVsbA=="
        }
      ]
    },
    {
      "module": "module.iam",
      "mode": "managed",
      "type": "aws_iam_role",
      "name": "eks_node_role",
      "provider": "provider[\"registry.terraform.io/hashicorp/aws\"]",
      "instances": [
        {
          "schema_version": 0,
          "attributes": {
            "arn": "arn:aws:iam::782989862342:role/my-cluster-node-role",
            "assume_role_policy": "{\"Statement\":[{\"Action\":\"sts:AssumeRole\",\"Effect\":\"Allow\",\"Principal\":{\"Service\":\"ec2.amazonaws.com\"}}],\"Version\":\"2012-10-17\"}",
            "create_date": "2026-09-12T08:19:42Z",
            "description": "",
            "force_detach_policies": false,
            "id": "my-cluster-node-role",
            "inline_policy": [],
            "managed_policy_arns": [
              "arn:aws:iam::aws:policy/AmazonEC2ContainerRegistryReadOnly",
              "arn:aws:iam::aws:policy/AmazonEKSWorkerNodePolicy",
              "arn:aws:iam::aws:policy/AmazonEKS_CNI_Policy"
            ],
            "max_session_duration": 3600,
            "name": "my-cluster-node-role",
            "name_prefix": "",
            "path": "/",
            "permissions_boundary": "",
            "tags": {},
            "tags_all": {},
            "unique_id": "AROA3MTOVEXDPN3X3UPUA"
          },
          "sensitive_attributes": [],
          "identity_schema_version": 0,
          "identity": {
            "account_id": "782989862342",
            "name": "my-cluster-node-role"
          },
          "private": "bnVsbA=="
        }
      ]
    },
    {
      "module": "module.iam",
      "mode": "managed",
      "type": "aws_iam_role_policy_attachment",
      "name": "eks_cluster_policy",
      "provider": "provider[\"registry.terraform.io/hashicorp/aws\"]",
      "instances": [
        {
          "schema_version": 0,
          "attributes": {
            "id": "my-cluster-cluster-role/arn:aws:iam::aws:policy/AmazonEKSClusterPolicy",
            "policy_arn": "arn:aws:iam::aws:policy/AmazonEKSClusterPolicy",
            "role": "my-cluster-cluster-role"
          },
          "sensitive_attributes": [],
          "identity_schema_version": 0,
          "identity": {
            "account_id": "782989862342",
            "policy_arn": "arn:aws:iam::aws:policy/AmazonEKSClusterPolicy",
            "role": "my-cluster-cluster-role"
          },
          "private": "bnVsbA==",
          "dependencies": [
            "module.iam.aws_iam_role.eks_cluster_role"
          ]
        }
      ]
    },
    {
      "module": "module.iam",
      "mode": "managed",
      "type": "aws_iam_role_policy_attachment",
      "name": "eks_cni_policy",
      "provider": "provider[\"registry.terraform.io/hashicorp/aws\"]",
      "instances": [
        {
          "schema_version": 0,
          "attributes": {
            "id": "my-cluster-node-role/arn:aws:iam::aws:policy/AmazonEKS_CNI_Policy",
            "policy_arn": "arn:aws:iam::aws:policy/AmazonEKS_CNI_Policy",
            "role": "my-cluster-node-role"
          },
          "sensitive_attributes": [],
          "identity_schema_version": 0,
          "identity": {
            "account_id": "782989862342",
            "policy_arn": "arn:aws:iam::aws:policy/AmazonEKS_CNI_Policy",
            "role": "my-cluster-node-role"
          },
          "private": "bnVsbA==",
          "dependencies": [
            "module.iam.aws_iam_role.eks_node_role"
          ]
        }
      ]
    },
    {
      "module": "module.iam",
      "mode": "managed",
      "type": "aws_iam_role_policy_attachment",
      "name": "eks_container_registry_readonly",
      "provider": "provider[\"registry.terraform.io/hashicorp/aws\"]",
      "instances": [
        {
          "schema_version": 0,
          "attributes": {
            "id": "my-cluster-node-role/arn:aws:iam::aws:policy/AmazonEC2ContainerRegistryReadOnly",
            "policy_arn": "arn:aws:iam::aws:policy/AmazonEC2ContainerRegistryReadOnly",
            "role": "my-cluster-node-role"
          },
          "sensitive_attributes": [],
          "identity_schema_version": 0,
          "identity": {
            "account_id": "782989862342",
            "policy_arn": "arn:aws:iam::aws:policy/AmazonEC2ContainerRegistryReadOnly",
            "role": "my-cluster-node-role"
          },
          "private": "bnVsbA==",
          "dependencies": [
            "module.iam.aws_iam_role.eks_node_role"
          ]
        }
      ]
    },
    {
      "module": "module.iam",
      "mode": "managed",
      "type": "aws_iam_role_policy_attachment",
      "name": "eks_worker_node_policy",
      "provider": "provider[\"registry.terraform.io/hashicorp/aws\"]",
      "instances": [
        {
          "schema_version": 0,
          "attributes": {
            "id": "my-cluster-node-role/arn:aws:iam::aws:policy/AmazonEKSWorkerNodePolicy",
            "policy_arn": "arn:aws:iam::aws:policy/AmazonEKSWorkerNodePolicy",
            "role": "my-cluster-node-role"
          },
          "sensitive_attributes": [],
          "identity_schema_version": 0,
          "identity": {
            "account_id": "782989862342",
            "policy_arn": "arn:aws:iam::aws:policy/AmazonEKSWorkerNodePolicy",
            "role": "my-cluster-node-role"
          },
          "private": "bnVsbA==",
          "dependencies": [
            "module.iam.aws_iam_role.eks_node_role"
          ]
        }
      ]
    },
    {
      "module": "module.internet_gateway[\"Igw1\"]",
      "mode": "managed",
      "type": "aws_internet_gateway",
      "name": "my_igw",
      "provider": "provider[\"registry.terraform.io/hashicorp/aws\"]",
      "instances": [
        {
          "schema_version": 0,
          "attributes": {
            "arn": "arn:aws:ec2:us-east-1:782989862342:internet-gateway/igw-0317652786ff18295",
            "id": "igw-0317652786ff18295",
            "owner_id": "782989862342",
            "region": "us-east-1",
            "tags": {
              "Name": "my-igw"
            },
            "tags_all": {
              "Name": "my-igw"
            },
            "timeouts": null,
            "vpc_id": "vpc-03d494e220ec01d01"
          },
          "sensitive_attributes": [],
          "identity_schema_version": 0,
          "private": "eyJlMmJmYjczMC1lY2FhLTExZTYtOGY4OC0zNDM2M2JjN2M0YzAiOnsiY3JlYXRlIjoxMjAwMDAwMDAwMDAwLCJkZWxldGUiOjEyMDAwMDAwMDAwMDAsInVwZGF0ZSI6MTIwMDAwMDAwMDAwMH19",
          "dependencies": [
            "module.vpc_module.aws_vpc.main"
          ]
        }
      ]
    },
    {
      "module": "module.route_table_association[\"pri1\"]",
      "mode": "managed",
      "type": "aws_route_table_association",
      "name": "a",
      "provider": "provider[\"registry.terraform.io/hashicorp/aws\"]",
      "instances": [
        {
          "schema_version": 0,
          "attributes": {
            "gateway_id": "",
            "id": "rtbassoc-0018c9de0df52fe07",
            "region": "us-east-1",
            "route_table_id": "rtb-0f1ad57968652b68c",
            "subnet_id": "subnet-04ff3e750153a39fc",
            "timeouts": null
          },
          "sensitive_attributes": [],
          "identity_schema_version": 0,
          "private": "eyJlMmJmYjczMC1lY2FhLTExZTYtOGY4OC0zNDM2M2JjN2M0YzAiOnsiY3JlYXRlIjozMDAwMDAwMDAwMDAsImRlbGV0ZSI6MzAwMDAwMDAwMDAwLCJ1cGRhdGUiOjEyMDAwMDAwMDAwMH19",
          "dependencies": [
            "module.Nat_Gateway.aws_eip.nat_eip",
            "module.Nat_Gateway.aws_nat_gateway.nat",
            "module.internet_gateway.aws_internet_gateway.my_igw",
            "module.route_table_module.aws_route_table.my_route_table",
            "module.subnet_module.aws_subnet.main",
            "module.vpc_module.aws_vpc.main"
          ]
        }
      ]
    },
    {
      "module": "module.route_table_association[\"pri2\"]",
      "mode": "managed",
      "type": "aws_route_table_association",
      "name": "a",
      "provider": "provider[\"registry.terraform.io/hashicorp/aws\"]",
      "instances": [
        {
          "schema_version": 0,
          "attributes": {
            "gateway_id": "",
            "id": "rtbassoc-0f37f3404ad098047",
            "region": "us-east-1",
            "route_table_id": "rtb-0f1ad57968652b68c",
            "subnet_id": "subnet-015092be510bc885e",
            "timeouts": null
          },
          "sensitive_attributes": [],
          "identity_schema_version": 0,
          "private": "eyJlMmJmYjczMC1lY2FhLTExZTYtOGY4OC0zNDM2M2JjN2M0YzAiOnsiY3JlYXRlIjozMDAwMDAwMDAwMDAsImRlbGV0ZSI6MzAwMDAwMDAwMDAwLCJ1cGRhdGUiOjEyMDAwMDAwMDAwMH19",
          "dependencies": [
            "module.Nat_Gateway.aws_eip.nat_eip",
            "module.Nat_Gateway.aws_nat_gateway.nat",
            "module.internet_gateway.aws_internet_gateway.my_igw",
            "module.route_table_module.aws_route_table.my_route_table",
            "module.subnet_module.aws_subnet.main",
            "module.vpc_module.aws_vpc.main"
          ]
        }
      ]
    },
    {
      "module": "module.route_table_association[\"pri3\"]",
      "mode": "managed",
      "type": "aws_route_table_association",
      "name": "a",
      "provider": "provider[\"registry.terraform.io/hashicorp/aws\"]",
      "instances": [
        {
          "schema_version": 0,
          "attributes": {
            "gateway_id": "",
            "id": "rtbassoc-0e7413dc6c8aa5665",
            "region": "us-east-1",
            "route_table_id": "rtb-0f1ad57968652b68c",
            "subnet_id": "subnet-093ebf14231e03b49",
            "timeouts": null
          },
          "sensitive_attributes": [],
          "identity_schema_version": 0,
          "private": "eyJlMmJmYjczMC1lY2FhLTExZTYtOGY4OC0zNDM2M2JjN2M0YzAiOnsiY3JlYXRlIjozMDAwMDAwMDAwMDAsImRlbGV0ZSI6MzAwMDAwMDAwMDAwLCJ1cGRhdGUiOjEyMDAwMDAwMDAwMH19",
          "dependencies": [
            "module.Nat_Gateway.aws_eip.nat_eip",
            "module.Nat_Gateway.aws_nat_gateway.nat",
            "module.internet_gateway.aws_internet_gateway.my_igw",
            "module.route_table_module.aws_route_table.my_route_table",
            "module.subnet_module.aws_subnet.main",
            "module.vpc_module.aws_vpc.main"
          ]
        }
      ]
    },
    {
      "module": "module.route_table_association[\"pub1\"]",
      "mode": "managed",
      "type": "aws_route_table_association",
      "name": "a",
      "provider": "provider[\"registry.terraform.io/hashicorp/aws\"]",
      "instances": [
        {
          "schema_version": 0,
          "attributes": {
            "gateway_id": "",
            "id": "rtbassoc-01015b672833d3384",
            "region": "us-east-1",
            "route_table_id": "rtb-05722d9b957173d95",
            "subnet_id": "subnet-003826bf64948647d",
            "timeouts": null
          },
          "sensitive_attributes": [],
          "identity_schema_version": 0,
          "private": "eyJlMmJmYjczMC1lY2FhLTExZTYtOGY4OC0zNDM2M2JjN2M0YzAiOnsiY3JlYXRlIjozMDAwMDAwMDAwMDAsImRlbGV0ZSI6MzAwMDAwMDAwMDAwLCJ1cGRhdGUiOjEyMDAwMDAwMDAwMH19",
          "dependencies": [
            "module.Nat_Gateway.aws_eip.nat_eip",
            "module.Nat_Gateway.aws_nat_gateway.nat",
            "module.internet_gateway.aws_internet_gateway.my_igw",
            "module.route_table_module.aws_route_table.my_route_table",
            "module.subnet_module.aws_subnet.main",
            "module.vpc_module.aws_vpc.main"
          ]
        }
      ]
    },
    {
      "module": "module.route_table_association[\"pub2\"]",
      "mode": "managed",
      "type": "aws_route_table_association",
      "name": "a",
      "provider": "provider[\"registry.terraform.io/hashicorp/aws\"]",
      "instances": [
        {
          "schema_version": 0,
          "attributes": {
            "gateway_id": "",
            "id": "rtbassoc-03c28a60540ddb632",
            "region": "us-east-1",
            "route_table_id": "rtb-05722d9b957173d95",
            "subnet_id": "subnet-008043bb7e22110e5",
            "timeouts": null
          },
          "sensitive_attributes": [],
          "identity_schema_version": 0,
          "private": "eyJlMmJmYjczMC1lY2FhLTExZTYtOGY4OC0zNDM2M2JjN2M0YzAiOnsiY3JlYXRlIjozMDAwMDAwMDAwMDAsImRlbGV0ZSI6MzAwMDAwMDAwMDAwLCJ1cGRhdGUiOjEyMDAwMDAwMDAwMH19",
          "dependencies": [
            "module.Nat_Gateway.aws_eip.nat_eip",
            "module.Nat_Gateway.aws_nat_gateway.nat",
            "module.internet_gateway.aws_internet_gateway.my_igw",
            "module.route_table_module.aws_route_table.my_route_table",
            "module.subnet_module.aws_subnet.main",
            "module.vpc_module.aws_vpc.main"
          ]
        }
      ]
    },
    {
      "module": "module.route_table_association[\"pub3\"]",
      "mode": "managed",
      "type": "aws_route_table_association",
      "name": "a",
      "provider": "provider[\"registry.terraform.io/hashicorp/aws\"]",
      "instances": [
        {
          "schema_version": 0,
          "attributes": {
            "gateway_id": "",
            "id": "rtbassoc-03a325aaf7eeec4e9",
            "region": "us-east-1",
            "route_table_id": "rtb-05722d9b957173d95",
            "subnet_id": "subnet-06d2d51b9a34dfaa2",
            "timeouts": null
          },
          "sensitive_attributes": [],
          "identity_schema_version": 0,
          "private": "eyJlMmJmYjczMC1lY2FhLTExZTYtOGY4OC0zNDM2M2JjN2M0YzAiOnsiY3JlYXRlIjozMDAwMDAwMDAwMDAsImRlbGV0ZSI6MzAwMDAwMDAwMDAwLCJ1cGRhdGUiOjEyMDAwMDAwMDAwMH19",
          "dependencies": [
            "module.Nat_Gateway.aws_eip.nat_eip",
            "module.Nat_Gateway.aws_nat_gateway.nat",
            "module.internet_gateway.aws_internet_gateway.my_igw",
            "module.route_table_module.aws_route_table.my_route_table",
            "module.subnet_module.aws_subnet.main",
            "module.vpc_module.aws_vpc.main"
          ]
        }
      ]
    },
    {
      "module": "module.route_table_module[\"privatert1\"]",
      "mode": "managed",
      "type": "aws_route_table",
      "name": "my_route_table",
      "provider": "provider[\"registry.terraform.io/hashicorp/aws\"]",
      "instances": [
        {
          "schema_version": 0,
          "attributes": {
            "arn": "arn:aws:ec2:us-east-1:782989862342:route-table/rtb-0f1ad57968652b68c",
            "id": "rtb-0f1ad57968652b68c",
            "owner_id": "782989862342",
            "propagating_vgws": [],
            "region": "us-east-1",
            "route": [
              {
                "carrier_gateway_id": "",
                "cidr_block": "0.0.0.0/0",
                "core_network_arn": "",
                "destination_prefix_list_id": "",
                "egress_only_gateway_id": "",
                "gateway_id": "nat-0043a5332ed131861",
                "ipv6_cidr_block": "",
                "local_gateway_id": "",
                "nat_gateway_id": "",
                "network_interface_id": "",
                "transit_gateway_id": "",
                "vpc_endpoint_id": "",
                "vpc_peering_connection_id": ""
              }
            ],
            "tags": {
              "Name": "Private-RT"
            },
            "tags_all": {
              "Name": "Private-RT"
            },
            "timeouts": null,
            "vpc_id": "vpc-03d494e220ec01d01"
          },
          "sensitive_attributes": [],
          "identity_schema_version": 0,
          "identity": {
            "account_id": "782989862342",
            "id": "rtb-0f1ad57968652b68c",
            "region": "us-east-1"
          },
          "private": "eyJlMmJmYjczMC1lY2FhLTExZTYtOGY4OC0zNDM2M2JjN2M0YzAiOnsiY3JlYXRlIjozMDAwMDAwMDAwMDAsImRlbGV0ZSI6MzAwMDAwMDAwMDAwLCJ1cGRhdGUiOjEyMDAwMDAwMDAwMH19",
          "dependencies": [
            "module.Nat_Gateway.aws_eip.nat_eip",
            "module.Nat_Gateway.aws_nat_gateway.nat",
            "module.internet_gateway.aws_internet_gateway.my_igw",
            "module.subnet_module.aws_subnet.main",
            "module.vpc_module.aws_vpc.main"
          ]
        }
      ]
    },
    {
      "module": "module.route_table_module[\"publicrt1\"]",
      "mode": "managed",
      "type": "aws_route_table",
      "name": "my_route_table",
      "provider": "provider[\"registry.terraform.io/hashicorp/aws\"]",
      "instances": [
        {
          "schema_version": 0,
          "attributes": {
            "arn": "arn:aws:ec2:us-east-1:782989862342:route-table/rtb-05722d9b957173d95",
            "id": "rtb-05722d9b957173d95",
            "owner_id": "782989862342",
            "propagating_vgws": [],
            "region": "us-east-1",
            "route": [
              {
                "carrier_gateway_id": "",
                "cidr_block": "0.0.0.0/0",
                "core_network_arn": "",
                "destination_prefix_list_id": "",
                "egress_only_gateway_id": "",
                "gateway_id": "igw-0317652786ff18295",
                "ipv6_cidr_block": "",
                "local_gateway_id": "",
                "nat_gateway_id": "",
                "network_interface_id": "",
                "transit_gateway_id": "",
                "vpc_endpoint_id": "",
                "vpc_peering_connection_id": ""
              }
            ],
            "tags": {
              "Name": "Public-RT"
            },
            "tags_all": {
              "Name": "Public-RT"
            },
            "timeouts": null,
            "vpc_id": "vpc-03d494e220ec01d01"
          },
          "sensitive_attributes": [],
          "identity_schema_version": 0,
          "identity": {
            "account_id": "782989862342",
            "id": "rtb-05722d9b957173d95",
            "region": "us-east-1"
          },
          "private": "eyJlMmJmYjczMC1lY2FhLTExZTYtOGY4OC0zNDM2M2JjN2M0YzAiOnsiY3JlYXRlIjozMDAwMDAwMDAwMDAsImRlbGV0ZSI6MzAwMDAwMDAwMDAwLCJ1cGRhdGUiOjEyMDAwMDAwMDAwMH19",
          "dependencies": [
            "module.Nat_Gateway.aws_eip.nat_eip",
            "module.Nat_Gateway.aws_nat_gateway.nat",
            "module.internet_gateway.aws_internet_gateway.my_igw",
            "module.subnet_module.aws_subnet.main",
            "module.vpc_module.aws_vpc.main"
          ]
        }
      ]
    },
    {
      "module": "module.security_Group[\"Eks_sg\"]",
      "mode": "managed",
      "type": "aws_security_group",
      "name": "Eks_sg",
      "provider": "provider[\"registry.terraform.io/hashicorp/aws\"]",
      "instances": [
        {
          "schema_version": 1,
          "attributes": {
            "arn": "arn:aws:ec2:us-east-1:782989862342:security-group/sg-0e27b780a0613d61e",
            "description": "This sg for Eks",
            "egress": [
              {
                "cidr_blocks": [
                  "10.0.0.0/16"
                ],
                "description": "Allow all outbound traffic",
                "from_port": 0,
                "ipv6_cidr_blocks": [],
                "prefix_list_ids": [],
                "protocol": "-1",
                "security_groups": [],
                "self": false,
                "to_port": 0
              }
            ],
            "id": "sg-0e27b780a0613d61e",
            "ingress": [
              {
                "cidr_blocks": [
                  "10.0.0.0/16"
                ],
                "description": "Allow http port in",
                "from_port": 80,
                "ipv6_cidr_blocks": [],
                "prefix_list_ids": [],
                "protocol": "tcp",
                "security_groups": [],
                "self": false,
                "to_port": 80
              },
              {
                "cidr_blocks": [
                  "10.0.0.0/16"
                ],
                "description": "Allow https port",
                "from_port": 443,
                "ipv6_cidr_blocks": [],
                "prefix_list_ids": [],
                "protocol": "tcp",
                "security_groups": [],
                "self": false,
                "to_port": 443
              }
            ],
            "name": "Eks_sg",
            "name_prefix": "",
            "owner_id": "782989862342",
            "region": "us-east-1",
            "revoke_rules_on_delete": false,
            "tags": {
              "name": "eks-sg"
            },
            "tags_all": {
              "name": "eks-sg"
            },
            "timeouts": null,
            "vpc_id": "vpc-03d494e220ec01d01"
          },
          "sensitive_attributes": [],
          "identity_schema_version": 0,
          "identity": {
            "account_id": "782989862342",
            "id": "sg-0e27b780a0613d61e",
            "region": "us-east-1"
          },
          "private": "eyJlMmJmYjczMC1lY2FhLTExZTYtOGY4OC0zNDM2M2JjN2M0YzAiOnsiY3JlYXRlIjo2MDAwMDAwMDAwMDAsImRlbGV0ZSI6OTAwMDAwMDAwMDAwfSwic2NoZW1hX3ZlcnNpb24iOiIxIn0=",
          "dependencies": [
            "module.vpc_module.aws_vpc.main"
          ]
        }
      ]
    },
    {
      "module": "module.security_Group[\"Eks_sg\"]",
      "mode": "managed",
      "type": "aws_vpc_security_group_egress_rule",
      "name": "egress",
      "provider": "provider[\"registry.terraform.io/hashicorp/aws\"]",
      "instances": [
        {
          "index_key": "all_traffic",
          "schema_version": 0,
          "attributes": {
            "arn": "arn:aws:ec2:us-east-1:782989862342:security-group-rule/sgr-08915750ce0708bb9",
            "cidr_ipv4": "10.0.0.0/16",
            "cidr_ipv6": null,
            "description": "Allow all outbound traffic",
            "from_port": null,
            "id": "sgr-08915750ce0708bb9",
            "ip_protocol": "-1",
            "prefix_list_id": null,
            "referenced_security_group_id": null,
            "region": "us-east-1",
            "security_group_id": "sg-0e27b780a0613d61e",
            "security_group_rule_id": "sgr-08915750ce0708bb9",
            "tags": null,
            "tags_all": {},
            "to_port": null
          },
          "sensitive_attributes": [],
          "identity_schema_version": 0,
          "identity": {
            "account_id": "782989862342",
            "id": "sgr-08915750ce0708bb9",
            "region": "us-east-1"
          },
          "dependencies": [
            "module.security_Group.aws_security_group.Eks_sg",
            "module.vpc_module.aws_vpc.main"
          ]
        }
      ]
    },
    {
      "module": "module.security_Group[\"Eks_sg\"]",
      "mode": "managed",
      "type": "aws_vpc_security_group_ingress_rule",
      "name": "ingress",
      "provider": "provider[\"registry.terraform.io/hashicorp/aws\"]",
      "instances": [
        {
          "index_key": "http_from_vpc",
          "schema_version": 0,
          "attributes": {
            "arn": "arn:aws:ec2:us-east-1:782989862342:security-group-rule/sgr-0013d44ed6042802c",
            "cidr_ipv4": "10.0.0.0/16",
            "cidr_ipv6": null,
            "description": "Allow http port in",
            "from_port": 80,
            "id": "sgr-0013d44ed6042802c",
            "ip_protocol": "tcp",
            "prefix_list_id": null,
            "referenced_security_group_id": null,
            "region": "us-east-1",
            "security_group_id": "sg-0e27b780a0613d61e",
            "security_group_rule_id": "sgr-0013d44ed6042802c",
            "tags": null,
            "tags_all": {},
            "to_port": 80
          },
          "sensitive_attributes": [],
          "identity_schema_version": 0,
          "identity": {
            "account_id": "782989862342",
            "id": "sgr-0013d44ed6042802c",
            "region": "us-east-1"
          },
          "dependencies": [
            "module.security_Group.aws_security_group.Eks_sg",
            "module.vpc_module.aws_vpc.main"
          ]
        },
        {
          "index_key": "https_from_vpc",
          "schema_version": 0,
          "attributes": {
            "arn": "arn:aws:ec2:us-east-1:782989862342:security-group-rule/sgr-00d0cb8d276b41f4f",
            "cidr_ipv4": "10.0.0.0/16",
            "cidr_ipv6": null,
            "description": "Allow https port",
            "from_port": 443,
            "id": "sgr-00d0cb8d276b41f4f",
            "ip_protocol": "tcp",
            "prefix_list_id": null,
            "referenced_security_group_id": null,
            "region": "us-east-1",
            "security_group_id": "sg-0e27b780a0613d61e",
            "security_group_rule_id": "sgr-00d0cb8d276b41f4f",
            "tags": null,
            "tags_all": {},
            "to_port": 443
          },
          "sensitive_attributes": [],
          "identity_schema_version": 0,
          "identity": {
            "account_id": "782989862342",
            "id": "sgr-00d0cb8d276b41f4f",
            "region": "us-east-1"
          },
          "dependencies": [
            "module.security_Group.aws_security_group.Eks_sg",
            "module.vpc_module.aws_vpc.main"
          ]
        }
      ]
    },
    {
      "module": "module.subnet_module[\"private_subnet_1\"]",
      "mode": "managed",
      "type": "aws_subnet",
      "name": "main",
      "provider": "provider[\"registry.terraform.io/hashicorp/aws\"]",
      "instances": [
        {
          "schema_version": 1,
          "attributes": {
            "arn": "arn:aws:ec2:us-east-1:782989862342:subnet/subnet-04ff3e750153a39fc",
            "assign_ipv6_address_on_creation": false,
            "availability_zone": "us-east-1a",
            "availability_zone_id": "use1-az1",
            "cidr_block": "10.0.1.0/24",
            "customer_owned_ipv4_pool": "",
            "enable_dns64": false,
            "enable_lni_at_device_index": 0,
            "enable_resource_name_dns_a_record_on_launch": false,
            "enable_resource_name_dns_aaaa_record_on_launch": false,
            "id": "subnet-04ff3e750153a39fc",
            "ipv6_cidr_block": "",
            "ipv6_cidr_block_association_id": "",
            "ipv6_native": false,
            "map_customer_owned_ip_on_launch": false,
            "map_public_ip_on_launch": false,
            "outpost_arn": "",
            "owner_id": "782989862342",
            "private_dns_hostname_type_on_launch": "ip-name",
            "region": "us-east-1",
            "tags": {
              "Name": "EKS_private_subnet_1_us-east-1a"
            },
            "tags_all": {
              "Name": "EKS_private_subnet_1_us-east-1a"
            },
            "timeouts": null,
            "vpc_id": "vpc-03d494e220ec01d01"
          },
          "sensitive_attributes": [],
          "identity_schema_version": 0,
          "identity": {
            "account_id": "782989862342",
            "id": "subnet-04ff3e750153a39fc",
            "region": "us-east-1"
          },
          "private": "eyJlMmJmYjczMC1lY2FhLTExZTYtOGY4OC0zNDM2M2JjN2M0YzAiOnsiY3JlYXRlIjo2MDAwMDAwMDAwMDAsImRlbGV0ZSI6MTIwMDAwMDAwMDAwMH0sInNjaGVtYV92ZXJzaW9uIjoiMSJ9",
          "dependencies": [
            "module.vpc_module.aws_vpc.main"
          ]
        }
      ]
    },
    {
      "module": "module.subnet_module[\"private_subnet_2\"]",
      "mode": "managed",
      "type": "aws_subnet",
      "name": "main",
      "provider": "provider[\"registry.terraform.io/hashicorp/aws\"]",
      "instances": [
        {
          "schema_version": 1,
          "attributes": {
            "arn": "arn:aws:ec2:us-east-1:782989862342:subnet/subnet-015092be510bc885e",
            "assign_ipv6_address_on_creation": false,
            "availability_zone": "us-east-1b",
            "availability_zone_id": "use1-az2",
            "cidr_block": "10.0.3.0/24",
            "customer_owned_ipv4_pool": "",
            "enable_dns64": false,
            "enable_lni_at_device_index": 0,
            "enable_resource_name_dns_a_record_on_launch": false,
            "enable_resource_name_dns_aaaa_record_on_launch": false,
            "id": "subnet-015092be510bc885e",
            "ipv6_cidr_block": "",
            "ipv6_cidr_block_association_id": "",
            "ipv6_native": false,
            "map_customer_owned_ip_on_launch": false,
            "map_public_ip_on_launch": false,
            "outpost_arn": "",
            "owner_id": "782989862342",
            "private_dns_hostname_type_on_launch": "ip-name",
            "region": "us-east-1",
            "tags": {
              "Name": "EKS_private_subnet_2_us-east-1b"
            },
            "tags_all": {
              "Name": "EKS_private_subnet_2_us-east-1b"
            },
            "timeouts": null,
            "vpc_id": "vpc-03d494e220ec01d01"
          },
          "sensitive_attributes": [],
          "identity_schema_version": 0,
          "identity": {
            "account_id": "782989862342",
            "id": "subnet-015092be510bc885e",
            "region": "us-east-1"
          },
          "private": "eyJlMmJmYjczMC1lY2FhLTExZTYtOGY4OC0zNDM2M2JjN2M0YzAiOnsiY3JlYXRlIjo2MDAwMDAwMDAwMDAsImRlbGV0ZSI6MTIwMDAwMDAwMDAwMH0sInNjaGVtYV92ZXJzaW9uIjoiMSJ9",
          "dependencies": [
            "module.vpc_module.aws_vpc.main"
          ]
        }
      ]
    },
    {
      "module": "module.subnet_module[\"private_subnet_3\"]",
      "mode": "managed",
      "type": "aws_subnet",
      "name": "main",
      "provider": "provider[\"registry.terraform.io/hashicorp/aws\"]",
      "instances": [
        {
          "schema_version": 1,
          "attributes": {
            "arn": "arn:aws:ec2:us-east-1:782989862342:subnet/subnet-093ebf14231e03b49",
            "assign_ipv6_address_on_creation": false,
            "availability_zone": "us-east-1c",
            "availability_zone_id": "use1-az4",
            "cidr_block": "10.0.5.0/24",
            "customer_owned_ipv4_pool": "",
            "enable_dns64": false,
            "enable_lni_at_device_index": 0,
            "enable_resource_name_dns_a_record_on_launch": false,
            "enable_resource_name_dns_aaaa_record_on_launch": false,
            "id": "subnet-093ebf14231e03b49",
            "ipv6_cidr_block": "",
            "ipv6_cidr_block_association_id": "",
            "ipv6_native": false,
            "map_customer_owned_ip_on_launch": false,
            "map_public_ip_on_launch": false,
            "outpost_arn": "",
            "owner_id": "782989862342",
            "private_dns_hostname_type_on_launch": "ip-name",
            "region": "us-east-1",
            "tags": {
              "Name": "EKS_private_subnet_3_us-east-1c"
            },
            "tags_all": {
              "Name": "EKS_private_subnet_3_us-east-1c"
            },
            "timeouts": null,
            "vpc_id": "vpc-03d494e220ec01d01"
          },
          "sensitive_attributes": [],
          "identity_schema_version": 0,
          "identity": {
            "account_id": "782989862342",
            "id": "subnet-093ebf14231e03b49",
            "region": "us-east-1"
          },
          "private": "eyJlMmJmYjczMC1lY2FhLTExZTYtOGY4OC0zNDM2M2JjN2M0YzAiOnsiY3JlYXRlIjo2MDAwMDAwMDAwMDAsImRlbGV0ZSI6MTIwMDAwMDAwMDAwMH0sInNjaGVtYV92ZXJzaW9uIjoiMSJ9",
          "dependencies": [
            "module.vpc_module.aws_vpc.main"
          ]
        }
      ]
    },
    {
      "module": "module.subnet_module[\"public_subnet_1\"]",
      "mode": "managed",
      "type": "aws_subnet",
      "name": "main",
      "provider": "provider[\"registry.terraform.io/hashicorp/aws\"]",
      "instances": [
        {
          "schema_version": 1,
          "attributes": {
            "arn": "arn:aws:ec2:us-east-1:782989862342:subnet/subnet-003826bf64948647d",
            "assign_ipv6_address_on_creation": false,
            "availability_zone": "us-east-1a",
            "availability_zone_id": "use1-az1",
            "cidr_block": "10.0.0.0/24",
            "customer_owned_ipv4_pool": "",
            "enable_dns64": false,
            "enable_lni_at_device_index": 0,
            "enable_resource_name_dns_a_record_on_launch": false,
            "enable_resource_name_dns_aaaa_record_on_launch": false,
            "id": "subnet-003826bf64948647d",
            "ipv6_cidr_block": "",
            "ipv6_cidr_block_association_id": "",
            "ipv6_native": false,
            "map_customer_owned_ip_on_launch": false,
            "map_public_ip_on_launch": false,
            "outpost_arn": "",
            "owner_id": "782989862342",
            "private_dns_hostname_type_on_launch": "ip-name",
            "region": "us-east-1",
            "tags": {
              "Name": "EKS_public_subnet_1_us-east-1a"
            },
            "tags_all": {
              "Name": "EKS_public_subnet_1_us-east-1a"
            },
            "timeouts": null,
            "vpc_id": "vpc-03d494e220ec01d01"
          },
          "sensitive_attributes": [],
          "identity_schema_version": 0,
          "identity": {
            "account_id": "782989862342",
            "id": "subnet-003826bf64948647d",
            "region": "us-east-1"
          },
          "private": "eyJlMmJmYjczMC1lY2FhLTExZTYtOGY4OC0zNDM2M2JjN2M0YzAiOnsiY3JlYXRlIjo2MDAwMDAwMDAwMDAsImRlbGV0ZSI6MTIwMDAwMDAwMDAwMH0sInNjaGVtYV92ZXJzaW9uIjoiMSJ9",
          "dependencies": [
            "module.vpc_module.aws_vpc.main"
          ]
        }
      ]
    },
    {
      "module": "module.subnet_module[\"public_subnet_2\"]",
      "mode": "managed",
      "type": "aws_subnet",
      "name": "main",
      "provider": "provider[\"registry.terraform.io/hashicorp/aws\"]",
      "instances": [
        {
          "schema_version": 1,
          "attributes": {
            "arn": "arn:aws:ec2:us-east-1:782989862342:subnet/subnet-008043bb7e22110e5",
            "assign_ipv6_address_on_creation": false,
            "availability_zone": "us-east-1b",
            "availability_zone_id": "use1-az2",
            "cidr_block": "10.0.2.0/24",
            "customer_owned_ipv4_pool": "",
            "enable_dns64": false,
            "enable_lni_at_device_index": 0,
            "enable_resource_name_dns_a_record_on_launch": false,
            "enable_resource_name_dns_aaaa_record_on_launch": false,
            "id": "subnet-008043bb7e22110e5",
            "ipv6_cidr_block": "",
            "ipv6_cidr_block_association_id": "",
            "ipv6_native": false,
            "map_customer_owned_ip_on_launch": false,
            "map_public_ip_on_launch": false,
            "outpost_arn": "",
            "owner_id": "782989862342",
            "private_dns_hostname_type_on_launch": "ip-name",
            "region": "us-east-1",
            "tags": {
              "Name": "EKS_public_subnet_2_us-east-1b"
            },
            "tags_all": {
              "Name": "EKS_public_subnet_2_us-east-1b"
            },
            "timeouts": null,
            "vpc_id": "vpc-03d494e220ec01d01"
          },
          "sensitive_attributes": [],
          "identity_schema_version": 0,
          "identity": {
            "account_id": "782989862342",
            "id": "subnet-008043bb7e22110e5",
            "region": "us-east-1"
          },
          "private": "eyJlMmJmYjczMC1lY2FhLTExZTYtOGY4OC0zNDM2M2JjN2M0YzAiOnsiY3JlYXRlIjo2MDAwMDAwMDAwMDAsImRlbGV0ZSI6MTIwMDAwMDAwMDAwMH0sInNjaGVtYV92ZXJzaW9uIjoiMSJ9",
          "dependencies": [
            "module.vpc_module.aws_vpc.main"
          ]
        }
      ]
    },
    {
      "module": "module.subnet_module[\"public_subnet_3\"]",
      "mode": "managed",
      "type": "aws_subnet",
      "name": "main",
      "provider": "provider[\"registry.terraform.io/hashicorp/aws\"]",
      "instances": [
        {
          "schema_version": 1,
          "attributes": {
            "arn": "arn:aws:ec2:us-east-1:782989862342:subnet/subnet-06d2d51b9a34dfaa2",
            "assign_ipv6_address_on_creation": false,
            "availability_zone": "us-east-1c",
            "availability_zone_id": "use1-az4",
            "cidr_block": "10.0.4.0/24",
            "customer_owned_ipv4_pool": "",
            "enable_dns64": false,
            "enable_lni_at_device_index": 0,
            "enable_resource_name_dns_a_record_on_launch": false,
            "enable_resource_name_dns_aaaa_record_on_launch": false,
            "id": "subnet-06d2d51b9a34dfaa2",
            "ipv6_cidr_block": "",
            "ipv6_cidr_block_association_id": "",
            "ipv6_native": false,
            "map_customer_owned_ip_on_launch": false,
            "map_public_ip_on_launch": false,
            "outpost_arn": "",
            "owner_id": "782989862342",
            "private_dns_hostname_type_on_launch": "ip-name",
            "region": "us-east-1",
            "tags": {
              "Name": "EKS_public_subnet_3_us-east-1c"
            },
            "tags_all": {
              "Name": "EKS_public_subnet_3_us-east-1c"
            },
            "timeouts": null,
            "vpc_id": "vpc-03d494e220ec01d01"
          },
          "sensitive_attributes": [],
          "identity_schema_version": 0,
          "identity": {
            "account_id": "782989862342",
            "id": "subnet-06d2d51b9a34dfaa2",
            "region": "us-east-1"
          },
          "private": "eyJlMmJmYjczMC1lY2FhLTExZTYtOGY4OC0zNDM2M2JjN2M0YzAiOnsiY3JlYXRlIjo2MDAwMDAwMDAwMDAsImRlbGV0ZSI6MTIwMDAwMDAwMDAwMH0sInNjaGVtYV92ZXJzaW9uIjoiMSJ9",
          "dependencies": [
            "module.vpc_module.aws_vpc.main"
          ]
        }
      ]
    },
    {
      "module": "module.vpc_module[\"vpc1\"]",
      "mode": "managed",
      "type": "aws_vpc",
      "name": "main",
      "provider": "provider[\"registry.terraform.io/hashicorp/aws\"]",
      "instances": [
        {
          "schema_version": 1,
          "attributes": {
            "arn": "arn:aws:ec2:us-east-1:782989862342:vpc/vpc-03d494e220ec01d01",
            "assign_generated_ipv6_cidr_block": false,
            "cidr_block": "10.0.0.0/16",
            "default_network_acl_id": "acl-05f96c0fd2972b8f7",
            "default_route_table_id": "rtb-032a498a0fa0d1563",
            "default_security_group_id": "sg-0b7041c68de9262fc",
            "dhcp_options_id": "dopt-00bfeb6c9774ec443",
            "enable_dns_hostnames": true,
            "enable_dns_support": true,
            "enable_network_address_usage_metrics": false,
            "id": "vpc-03d494e220ec01d01",
            "instance_tenancy": "default",
            "ipv4_ipam_pool_id": null,
            "ipv4_netmask_length": null,
            "ipv6_association_id": "",
            "ipv6_cidr_block": "",
            "ipv6_cidr_block_network_border_group": "",
            "ipv6_ipam_pool_id": "",
            "ipv6_netmask_length": 0,
            "main_route_table_id": "rtb-032a498a0fa0d1563",
            "owner_id": "782989862342",
            "region": "us-east-1",
            "tags": {
              "Name": "EKS_VPC"
            },
            "tags_all": {
              "Name": "EKS_VPC"
            }
          },
          "sensitive_attributes": [],
          "identity_schema_version": 0,
          "identity": {
            "account_id": "782989862342",
            "id": "vpc-03d494e220ec01d01",
            "region": "us-east-1"
          },
          "private": "eyJzY2hlbWFfdmVyc2lvbiI6IjEifQ=="
        }
      ]
    }
  ],
  "check_results": null
}
